
Microsoft Visual Studio Solution File, Format Version 12.00
# Visual Studio 14
VisualStudioVersion = 14.0.24720.0
MinimumVisualStudioVersion = 10.0.40219.1
Project("{FAE04EC0-301F-11D3-BF4B-00C04F79EFBC}") = "Client", "Client\Client.csproj", "{473F44C0-78E6-499A-9D9E-E2FFF2E28845}"
EndProject
Project("{FAE04EC0-301F-11D3-BF4B-00C04F79EFBC}") = "Server", "Server\Server.csproj", "{0B13BD99-E43B-471C-8AB1-41B8F932C393}"
EndProject
Project("{FAE04EC0-301F-11D3-BF4B-00C04F79EFBC}") = "Common", "Common\Common.csproj", "{D6FF38AA-F306-4FC5-91E8-F36BB4BD7701}"
EndProject
Project("{FAE04EC0-301F-11D3-BF4B-00C04F79EFBC}") = "send_email", "send_email\send_email.csproj", "{14105D36-1987-4A0C-BB09-0CFD7F059BD4}"
EndProject
Global
	GlobalSection(SolutionConfigurationPlatforms) = preSolution
		Debug|Any CPU = Debug|Any CPU
		Release|Any CPU = Release|Any CPU
	EndGlobalSection
	GlobalSection(ProjectConfigurationPlatforms) = postSolution
		{473F44C0-78E6-499A-9D9E-E2FFF2E28845}.Debug|Any CPU.ActiveCfg = Debug|Any CPU
		{473F44C0-78E6-499A-9D9E-E2FFF2E28845}.Debug|Any CPU.Build.0 = Debug|Any CPU
		{473F44C0-78E6-499A-9D9E-E2FFF2E28845}.Release|Any CPU.ActiveCfg = Release|Any CPU
		{473F44C0-78E6-499A-9D9E-E2FFF2E28845}.Release|Any CPU.Build.0 = Release|Any CPU
		{0B13BD99-E43B-471C-8AB1-41B8F932C393}.Debug|Any CPU.ActiveCfg = Debug|Any CPU
		{0B13BD99-E43B-471C-8AB1-41B8F932C393}.Debug|Any CPU.Build.0 = Debug|Any CPU
		{0B13BD99-E43B-471C-8AB1-41B8F932C393}.Release|Any CPU.ActiveCfg = Release|Any CPU
		{0B13BD99-E43B-471C-8AB1-41B8F932C393}.Release|Any CPU.Build.0 = Release|Any CPU
		{D6FF38AA-F306-4FC5-91E8-F36BB4BD7701}.Debug|Any CPU.ActiveCfg = Debug|Any CPU
		{D6FF38AA-F306-4FC5-91E8-F36BB4BD7701}.Debug|Any CPU.Build.0 = Debug|Any CPU
		{D6FF38AA-F306-4FC5-91E8-F36BB4BD7701}.Release|Any CPU.ActiveCfg = Release|Any CPU
		{D6FF38AA-F306-4FC5-91E8-F36BB4BD7701}.Release|Any CPU.Build.0 = Release|Any CPU
		{14105D36-1987-4A0C-BB09-0CFD7F059BD4}.Debug|Any CPU.ActiveCfg = Debug|Any CPU
		{14105D36-1987-4A0C-BB09-0CFD7F059BD4}.Debug|Any CPU.Build.0 = Debug|Any CPU
		{14105D36-1987-4A0C-BB09-0CFD7F059BD4}.Release|Any CPU.ActiveCfg = Release|Any CPU
		{14105D36-1987-4A0C-BB09-0CFD7F059BD4}.Release|Any CPU.Build.0 = Release|Any CPU
	EndGlobalSection
	GlobalSection(SolutionProperties) = preSolution
		HideSolutionNode = FALSE
	EndGlobalSection
EndGlobal
